{
    "_readme": [
        "This file locks the dependencies of your project to a known state",
        "Read more about it at https://getcomposer.org/doc/01-basic-usage.md#composer-lock-the-lock-file",
        "This file is @generated automatically"
    ],
    "content-hash": "ac9c10f040426f3295f658f3f9265872",
    "packages": [
        {
            "name": "bunny/bunny",
            "version": "v0.2.4",
            "source": {
                "type": "git",
                "url": "https://github.com/jakubkulhan/bunny.git",
                "reference": "f81da29e8a279af2b9af80fa041b84497a26ddf8"
            },
            "dist": {
                "type": "zip",
                "url": "https://api.github.com/repos/jakubkulhan/bunny/zipball/f81da29e8a279af2b9af80fa041b84497a26ddf8",
                "reference": "f81da29e8a279af2b9af80fa041b84497a26ddf8",
                "shasum": ""
            },
            "require": {
                "php": ">=5.4.0",
                "psr/log": "~1.0",
                "react/event-loop": "~0.4",
                "react/promise": "~2.2"
            },
            "require-dev": {
                "phpunit/phpunit": "~4.5"
            },
            "type": "library",
            "autoload": {
                "psr-4": {
                    "Bunny\\": [
                        "src/Bunny/",
                        "test/Bunny/"
                    ]
                },
                "classmap": [
                    "src/Bunny/",
                    "test/Bunny/"
                ]
            },
            "notification-url": "https://packagist.org/downloads/",
            "license": [
                "MIT"
            ],
            "authors": [
                {
                    "name": "Jakub Kulhan",
                    "email": "jakub.kulhan@gmail.com"
                }
            ],
            "description": "Performant pure-PHP AMQP (RabbitMQ) sync/async (ReactPHP) library",
            "keywords": [
                "AMQP",
                "bunny",
                "exchange",
                "message",
                "messaging",
                "queue",
                "queueing",
                "rabbit",
                "rabbitmq",
                "react",
                "react-php",
                "reactphp"
            ],
            "time": "2016-09-13T18:57:54+00:00"
        },
        {
            "name": "comrade/client",
            "version": "dev-master",
            "source": {
                "type": "git",
                "url": "https://github.com/php-comrade/php-client.git",
                "reference": "239ac4b18cd8e515ee8af93dcf0e76e678a4f602"
            },
            "dist": {
                "type": "zip",
                "url": "https://api.github.com/repos/php-comrade/php-client/zipball/239ac4b18cd8e515ee8af93dcf0e76e678a4f602",
                "reference": "239ac4b18cd8e515ee8af93dcf0e76e678a4f602",
                "shasum": ""
            },
            "require": {
                "comrade/shared": "*@dev",
                "enqueue/enqueue": "^0.8",
                "guzzlehttp/guzzle": "^6.3",
                "php": ">=7.1"
            },
            "type": "library",
            "extra": {
                "branch-alias": {
                    "dev-master": "0.1.x-dev"
                }
            },
            "autoload": {
                "psr-4": {
                    "Comrade\\Client\\": ""
                }
            },
            "notification-url": "https://packagist.org/downloads/",
            "license": [
                "MIT"
            ],
            "description": "Comrade PHP client",
            "keywords": [
                "Job Manager",
                "client"
            ],
            "time": "2017-11-07T13:56:20+00:00"
        },
        {
            "name": "comrade/shared",
            "version": "dev-master",
            "source": {
                "type": "git",
                "url": "https://github.com/php-comrade/php-shared.git",
                "reference": "a10c5b6c379b281476f7465716bdb7c5f49b601f"
            },
            "dist": {
                "type": "zip",
                "url": "https://api.github.com/repos/php-comrade/php-shared/zipball/a10c5b6c379b281476f7465716bdb7c5f49b601f",
                "reference": "a10c5b6c379b281476f7465716bdb7c5f49b601f",
                "shasum": ""
            },
            "require": {
                "makasim/values": "^0.3.1",
                "php": ">=7.1"
            },
            "type": "library",
            "extra": {
                "branch-alias": {
                    "dev-master": "0.1.x-dev"
                }
            },
            "autoload": {
                "psr-4": {
                    "Comrade\\Shared\\": ""
                }
            },
            "notification-url": "https://packagist.org/downloads/",
            "license": [
                "MIT"
            ],
            "description": "Comrade Models and Messages",
            "keywords": [
                "Job Manager",
                "comrade",
                "message",
                "model"
            ],
            "time": "2017-11-09T16:34:10+00:00"
        },
        {
            "name": "enqueue/amqp-bunny",
            "version": "0.8.15",
            "source": {
                "type": "git",
                "url": "https://github.com/php-enqueue/amqp-bunny.git",
                "reference": "dba2bd13b460060f517a301205075e29f3c7b143"
            },
            "dist": {
                "type": "zip",
                "url": "https://api.github.com/repos/php-enqueue/amqp-bunny/zipball/dba2bd13b460060f517a301205075e29f3c7b143",
                "reference": "dba2bd13b460060f517a301205075e29f3c7b143",
                "shasum": ""
            },
            "require": {
                "bunny/bunny": "^0.2.4",
                "enqueue/amqp-tools": "^0.8.4@dev",
                "php": ">=5.6",
                "queue-interop/amqp-interop": "^0.7@dev"
            },
            "require-dev": {
                "enqueue/enqueue": "^0.8@dev",
                "enqueue/null": "^0.8@dev",
                "enqueue/test": "^0.8@dev",
                "phpunit/phpunit": "~5.4.0",
                "queue-interop/queue-spec": "^0.5.3@dev",
                "symfony/config": "^2.8|^3|^4",
                "symfony/dependency-injection": "^2.8|^3|^4"
            },
            "suggest": {
                "enqueue/enqueue": "If you'd like to use advanced features like Client abstract layer or Symfony integration features"
            },
            "type": "library",
            "extra": {
                "branch-alias": {
                    "dev-master": "0.8.x-dev"
                }
            },
            "autoload": {
                "psr-4": {
                    "Enqueue\\AmqpBunny\\": ""
                },
                "exclude-from-classmap": [
                    "/Tests/"
                ]
            },
            "notification-url": "https://packagist.org/downloads/",
            "license": [
                "MIT"
            ],
            "description": "Message Queue Amqp Transport",
            "homepage": "https://enqueue.forma-pro.com/",
            "keywords": [
                "AMQP",
                "bunny",
                "messaging",
                "queue"
            ],
            "time": "2018-01-12T14:43:59+00:00"
        },
        {
            "name": "enqueue/amqp-tools",
            "version": "0.8.14",
            "source": {
                "type": "git",
                "url": "https://github.com/php-enqueue/amqp-tools.git",
                "reference": "f375dee4d8609fca565a80df1c0f238bf0fe774f"
            },
            "dist": {
                "type": "zip",
                "url": "https://api.github.com/repos/php-enqueue/amqp-tools/zipball/f375dee4d8609fca565a80df1c0f238bf0fe774f",
                "reference": "f375dee4d8609fca565a80df1c0f238bf0fe774f",
                "shasum": ""
            },
            "require": {
                "php": ">=5.6",
                "queue-interop/amqp-interop": "^0.7@dev",
                "queue-interop/queue-interop": "^0.6@dev"
            },
            "require-dev": {
                "enqueue/null": "^0.8@dev",
                "enqueue/test": "^0.8@dev",
                "phpunit/phpunit": "~5.4.0"
            },
            "type": "library",
            "extra": {
                "branch-alias": {
                    "dev-master": "0.8.x-dev"
                }
            },
            "autoload": {
                "psr-4": {
                    "Enqueue\\AmqpTools\\": ""
                },
                "exclude-from-classmap": [
                    "/Tests/"
                ]
            },
            "notification-url": "https://packagist.org/downloads/",
            "license": [
                "MIT"
            ],
            "description": "Message Queue Amqp Tools",
            "homepage": "https://enqueue.forma-pro.com/",
            "keywords": [
                "AMQP",
                "messaging",
                "queue"
            ],
            "time": "2018-01-10T12:00:35+00:00"
        },
        {
            "name": "enqueue/enqueue",
            "version": "0.8.13",
            "source": {
                "type": "git",
                "url": "https://github.com/php-enqueue/enqueue.git",
                "reference": "d2e5c5a7c278eb5ebdf1262ad0a5a066d0d7778b"
            },
            "dist": {
                "type": "zip",
                "url": "https://api.github.com/repos/php-enqueue/enqueue/zipball/d2e5c5a7c278eb5ebdf1262ad0a5a066d0d7778b",
                "reference": "d2e5c5a7c278eb5ebdf1262ad0a5a066d0d7778b",
                "shasum": ""
            },
            "require": {
                "enqueue/null": "^0.8@dev",
                "php": ">=5.6",
                "psr/log": "^1",
                "queue-interop/queue-interop": "^0.6@dev",
                "ramsey/uuid": "^2|^3.5"
            },
            "require-dev": {
                "empi89/php-amqp-stubs": "*@dev",
                "enqueue/amqp-bunny": "^0.8@dev",
                "enqueue/amqp-ext": "^0.8@dev",
                "enqueue/amqp-lib": "^0.8@dev",
                "enqueue/dbal": "^0.8@dev",
                "enqueue/fs": "^0.8@dev",
                "enqueue/gearman": "^0.8@dev",
                "enqueue/gps": "^0.8@dev",
                "enqueue/pheanstalk": "^0.8@dev",
                "enqueue/rdkafka": "^0.8@dev",
                "enqueue/redis": "^0.8@dev",
                "enqueue/simple-client": "^0.8@dev",
                "enqueue/sqs": "^0.8@dev",
                "enqueue/stomp": "^0.8@dev",
                "enqueue/test": "^0.8@dev",
                "phpunit/phpunit": "~5.5",
                "symfony/config": "^2.8|^3|^4",
                "symfony/console": "^2.8|^3|^4",
                "symfony/dependency-injection": "^2.8|^3|^4",
                "symfony/event-dispatcher": "^2.8|^3|^4",
                "symfony/http-kernel": "^2.8|^3|^4"
            },
            "suggest": {
                "enqueue/amqp-ext": "AMQP transport (based on php extension)",
                "enqueue/dbal": "Doctrine DBAL transport",
                "enqueue/fs": "Filesystem transport",
                "enqueue/redis": "Redis transport",
                "enqueue/sqs": "Amazon AWS SQS transport",
                "enqueue/stomp": "STOMP transport",
                "symfony/config": "^2.8|^3|^4",
                "symfony/console": "^2.8|^3|^4 If you want to use li commands",
                "symfony/dependency-injection": "^2.8|^3|^4"
            },
            "type": "library",
            "extra": {
                "branch-alias": {
                    "dev-master": "0.8.x-dev"
                }
            },
            "autoload": {
                "psr-4": {
                    "Enqueue\\": ""
                },
                "files": [
                    "functions_include.php"
                ],
                "exclude-from-classmap": [
                    "/Tests/"
                ]
            },
            "notification-url": "https://packagist.org/downloads/",
            "license": [
                "MIT"
            ],
            "description": "Message Queue Library",
            "homepage": "https://enqueue.forma-pro.com/",
            "keywords": [
                "AMQP",
                "messaging",
                "queue",
                "rabbitmq"
            ],
            "time": "2018-01-09T16:40:53+00:00"
        },
        {
            "name": "enqueue/null",
            "version": "0.8.12",
            "source": {
                "type": "git",
                "url": "https://github.com/php-enqueue/null.git",
                "reference": "ad8f47e0787ee05527473c75909871cee0908d28"
            },
            "dist": {
                "type": "zip",
                "url": "https://api.github.com/repos/php-enqueue/null/zipball/ad8f47e0787ee05527473c75909871cee0908d28",
                "reference": "ad8f47e0787ee05527473c75909871cee0908d28",
                "shasum": ""
            },
            "require": {
                "php": ">=5.6",
                "queue-interop/queue-interop": "^0.6@dev"
            },
            "require-dev": {
                "enqueue/enqueue": "^0.8@dev",
                "enqueue/test": "^0.8@dev",
                "phpunit/phpunit": "~5.5",
                "queue-interop/queue-spec": "^0.5.3@dev",
                "symfony/config": "^2.8|^3|^4",
                "symfony/dependency-injection": "^2.8|^3|^4"
            },
            "type": "library",
            "extra": {
                "branch-alias": {
                    "dev-master": "0.8.x-dev"
                }
            },
            "autoload": {
                "psr-4": {
                    "Enqueue\\Null\\": ""
                },
                "exclude-from-classmap": [
                    "/Tests/"
                ]
            },
            "notification-url": "https://packagist.org/downloads/",
            "license": [
                "MIT"
            ],
            "description": "Enqueue Null transport",
            "homepage": "https://enqueue.forma-pro.com/",
            "keywords": [
                "messaging",
                "queue",
                "testing"
            ],
            "time": "2018-01-04T09:46:31+00:00"
        },
        {
            "name": "guzzlehttp/guzzle",
            "version": "6.3.0",
            "source": {
                "type": "git",
                "url": "https://github.com/guzzle/guzzle.git",
                "reference": "f4db5a78a5ea468d4831de7f0bf9d9415e348699"
            },
            "dist": {
                "type": "zip",
                "url": "https://api.github.com/repos/guzzle/guzzle/zipball/f4db5a78a5ea468d4831de7f0bf9d9415e348699",
                "reference": "f4db5a78a5ea468d4831de7f0bf9d9415e348699",
                "shasum": ""
            },
            "require": {
                "guzzlehttp/promises": "^1.0",
                "guzzlehttp/psr7": "^1.4",
                "php": ">=5.5"
            },
            "require-dev": {
                "ext-curl": "*",
                "phpunit/phpunit": "^4.0 || ^5.0",
                "psr/log": "^1.0"
            },
            "suggest": {
                "psr/log": "Required for using the Log middleware"
            },
            "type": "library",
            "extra": {
                "branch-alias": {
                    "dev-master": "6.2-dev"
                }
            },
            "autoload": {
                "files": [
                    "src/functions_include.php"
                ],
                "psr-4": {
                    "GuzzleHttp\\": "src/"
                }
            },
            "notification-url": "https://packagist.org/downloads/",
            "license": [
                "MIT"
            ],
            "authors": [
                {
                    "name": "Michael Dowling",
                    "email": "mtdowling@gmail.com",
                    "homepage": "https://github.com/mtdowling"
                }
            ],
            "description": "Guzzle is a PHP HTTP client library",
            "homepage": "http://guzzlephp.org/",
            "keywords": [
                "client",
                "curl",
                "framework",
                "http",
                "http client",
                "rest",
                "web service"
            ],
            "time": "2017-06-22T18:50:49+00:00"
        },
        {
            "name": "guzzlehttp/promises",
            "version": "v1.3.1",
            "source": {
                "type": "git",
                "url": "https://github.com/guzzle/promises.git",
                "reference": "a59da6cf61d80060647ff4d3eb2c03a2bc694646"
            },
            "dist": {
                "type": "zip",
                "url": "https://api.github.com/repos/guzzle/promises/zipball/a59da6cf61d80060647ff4d3eb2c03a2bc694646",
                "reference": "a59da6cf61d80060647ff4d3eb2c03a2bc694646",
                "shasum": ""
            },
            "require": {
                "php": ">=5.5.0"
            },
            "require-dev": {
                "phpunit/phpunit": "^4.0"
            },
            "type": "library",
            "extra": {
                "branch-alias": {
                    "dev-master": "1.4-dev"
                }
            },
            "autoload": {
                "psr-4": {
                    "GuzzleHttp\\Promise\\": "src/"
                },
                "files": [
                    "src/functions_include.php"
                ]
            },
            "notification-url": "https://packagist.org/downloads/",
            "license": [
                "MIT"
            ],
            "authors": [
                {
                    "name": "Michael Dowling",
                    "email": "mtdowling@gmail.com",
                    "homepage": "https://github.com/mtdowling"
                }
            ],
            "description": "Guzzle promises library",
            "keywords": [
                "promise"
            ],
            "time": "2016-12-20T10:07:11+00:00"
        },
        {
            "name": "guzzlehttp/psr7",
            "version": "1.4.2",
            "source": {
                "type": "git",
                "url": "https://github.com/guzzle/psr7.git",
                "reference": "f5b8a8512e2b58b0071a7280e39f14f72e05d87c"
            },
            "dist": {
                "type": "zip",
                "url": "https://api.github.com/repos/guzzle/psr7/zipball/f5b8a8512e2b58b0071a7280e39f14f72e05d87c",
                "reference": "f5b8a8512e2b58b0071a7280e39f14f72e05d87c",
                "shasum": ""
            },
            "require": {
                "php": ">=5.4.0",
                "psr/http-message": "~1.0"
            },
            "provide": {
                "psr/http-message-implementation": "1.0"
            },
            "require-dev": {
                "phpunit/phpunit": "~4.0"
            },
            "type": "library",
            "extra": {
                "branch-alias": {
                    "dev-master": "1.4-dev"
                }
            },
            "autoload": {
                "psr-4": {
                    "GuzzleHttp\\Psr7\\": "src/"
                },
                "files": [
                    "src/functions_include.php"
                ]
            },
            "notification-url": "https://packagist.org/downloads/",
            "license": [
                "MIT"
            ],
            "authors": [
                {
                    "name": "Michael Dowling",
                    "email": "mtdowling@gmail.com",
                    "homepage": "https://github.com/mtdowling"
                },
                {
                    "name": "Tobias Schultze",
                    "homepage": "https://github.com/Tobion"
                }
            ],
            "description": "PSR-7 message implementation that also provides common utility methods",
            "keywords": [
                "http",
                "message",
                "request",
                "response",
                "stream",
                "uri",
                "url"
            ],
            "time": "2017-03-20T17:10:46+00:00"
        },
        {
            "name": "makasim/values",
            "version": "0.3.3",
            "source": {
                "type": "git",
                "url": "https://github.com/makasim/values.git",
                "reference": "5a03e8be0f1743588b171c06698f70af5cd26ccc"
            },
            "dist": {
                "type": "zip",
                "url": "https://api.github.com/repos/makasim/values/zipball/5a03e8be0f1743588b171c06698f70af5cd26ccc",
                "reference": "5a03e8be0f1743588b171c06698f70af5cd26ccc",
                "shasum": ""
            },
            "require": {
                "php": "^7.1"
            },
            "require-dev": {
                "phpunit/phpunit": "^6"
            },
            "type": "library",
            "extra": {
                "branch-alias": {
                    "dev-master": "0.3-dev"
                }
            },
            "autoload": {
                "psr-4": {
                    "Makasim\\Values\\": "src"
                },
                "files": [
                    "src/functions_include.php"
                ]
            },
            "notification-url": "https://packagist.org/downloads/",
            "license": [
                "MIT"
            ],
            "authors": [
                {
                    "name": "Maksym Kotliar",
                    "email": "kotlyar.maksim@gmail.com"
                }
            ],
            "description": "An alter ego object. It is an object and an array at the same time",
            "keywords": [
                "model"
            ],
            "time": "2017-10-24T11:21:31+00:00"
        },
        {
            "name": "mongodb/mongodb",
            "version": "1.2.0",
            "source": {
                "type": "git",
                "url": "https://github.com/mongodb/mongo-php-library.git",
                "reference": "5cffeb33b893b6bb04195b99ddc3955a29252339"
            },
            "dist": {
                "type": "zip",
                "url": "https://api.github.com/repos/mongodb/mongo-php-library/zipball/5cffeb33b893b6bb04195b99ddc3955a29252339",
                "reference": "5cffeb33b893b6bb04195b99ddc3955a29252339",
                "shasum": ""
            },
            "require": {
                "ext-hash": "*",
                "ext-json": "*",
                "ext-mongodb": "^1.3.0",
                "php": ">=5.5"
            },
            "require-dev": {
                "phpunit/phpunit": "^4.8"
            },
            "type": "library",
            "autoload": {
                "psr-4": {
                    "MongoDB\\": "src/"
                },
                "files": [
                    "src/functions.php"
                ]
            },
            "notification-url": "https://packagist.org/downloads/",
            "license": [
                "Apache-2.0"
            ],
            "authors": [
                {
                    "name": "Jeremy Mikola",
                    "email": "jmikola@gmail.com"
                },
                {
                    "name": "Hannes Magnusson",
                    "email": "bjori@mongodb.com"
                },
                {
                    "name": "Derick Rethans",
                    "email": "github@derickrethans.nl"
                }
            ],
            "description": "MongoDB driver library",
            "homepage": "https://jira.mongodb.org/browse/PHPLIB",
            "keywords": [
                "database",
                "driver",
                "mongodb",
                "persistence"
            ],
            "time": "2017-10-27T19:42:57+00:00"
        },
        {
            "name": "paragonie/random_compat",
            "version": "v2.0.11",
            "source": {
                "type": "git",
                "url": "https://github.com/paragonie/random_compat.git",
                "reference": "5da4d3c796c275c55f057af5a643ae297d96b4d8"
            },
            "dist": {
                "type": "zip",
                "url": "https://api.github.com/repos/paragonie/random_compat/zipball/5da4d3c796c275c55f057af5a643ae297d96b4d8",
                "reference": "5da4d3c796c275c55f057af5a643ae297d96b4d8",
                "shasum": ""
            },
            "require": {
                "php": ">=5.2.0"
            },
            "require-dev": {
                "phpunit/phpunit": "4.*|5.*"
            },
            "suggest": {
                "ext-libsodium": "Provides a modern crypto API that can be used to generate random bytes."
            },
            "type": "library",
            "autoload": {
                "files": [
                    "lib/random.php"
                ]
            },
            "notification-url": "https://packagist.org/downloads/",
            "license": [
                "MIT"
            ],
            "authors": [
                {
                    "name": "Paragon Initiative Enterprises",
                    "email": "security@paragonie.com",
                    "homepage": "https://paragonie.com"
                }
            ],
            "description": "PHP 5.x polyfill for random_bytes() and random_int() from PHP 7",
            "keywords": [
                "csprng",
                "pseudorandom",
                "random"
            ],
            "time": "2017-09-27T21:40:39+00:00"
        },
        {
            "name": "psr/http-message",
            "version": "1.0.1",
            "source": {
                "type": "git",
                "url": "https://github.com/php-fig/http-message.git",
                "reference": "f6561bf28d520154e4b0ec72be95418abe6d9363"
            },
            "dist": {
                "type": "zip",
                "url": "https://api.github.com/repos/php-fig/http-message/zipball/f6561bf28d520154e4b0ec72be95418abe6d9363",
                "reference": "f6561bf28d520154e4b0ec72be95418abe6d9363",
                "shasum": ""
            },
            "require": {
                "php": ">=5.3.0"
            },
            "type": "library",
            "extra": {
                "branch-alias": {
                    "dev-master": "1.0.x-dev"
                }
            },
            "autoload": {
                "psr-4": {
                    "Psr\\Http\\Message\\": "src/"
                }
            },
            "notification-url": "https://packagist.org/downloads/",
            "license": [
                "MIT"
            ],
            "authors": [
                {
                    "name": "PHP-FIG",
                    "homepage": "http://www.php-fig.org/"
                }
            ],
            "description": "Common interface for HTTP messages",
            "homepage": "https://github.com/php-fig/http-message",
            "keywords": [
                "http",
                "http-message",
                "psr",
                "psr-7",
                "request",
                "response"
            ],
            "time": "2016-08-06T14:39:51+00:00"
        },
        {
            "name": "psr/log",
            "version": "1.0.2",
            "source": {
                "type": "git",
                "url": "https://github.com/php-fig/log.git",
                "reference": "4ebe3a8bf773a19edfe0a84b6585ba3d401b724d"
            },
            "dist": {
                "type": "zip",
                "url": "https://api.github.com/repos/php-fig/log/zipball/4ebe3a8bf773a19edfe0a84b6585ba3d401b724d",
                "reference": "4ebe3a8bf773a19edfe0a84b6585ba3d401b724d",
                "shasum": ""
            },
            "require": {
                "php": ">=5.3.0"
            },
            "type": "library",
            "extra": {
                "branch-alias": {
                    "dev-master": "1.0.x-dev"
                }
            },
            "autoload": {
                "psr-4": {
                    "Psr\\Log\\": "Psr/Log/"
                }
            },
            "notification-url": "https://packagist.org/downloads/",
            "license": [
                "MIT"
            ],
            "authors": [
                {
                    "name": "PHP-FIG",
                    "homepage": "http://www.php-fig.org/"
                }
            ],
            "description": "Common interface for logging libraries",
            "homepage": "https://github.com/php-fig/log",
            "keywords": [
                "log",
                "psr",
                "psr-3"
            ],
            "time": "2016-10-10T12:19:37+00:00"
        },
        {
            "name": "queue-interop/amqp-interop",
            "version": "0.7.2",
            "source": {
                "type": "git",
                "url": "https://github.com/queue-interop/amqp-interop.git",
                "reference": "03cfac42483d07ab45d1896a6a2e1d873a216bba"
            },
            "dist": {
                "type": "zip",
                "url": "https://api.github.com/repos/queue-interop/amqp-interop/zipball/03cfac42483d07ab45d1896a6a2e1d873a216bba",
                "reference": "03cfac42483d07ab45d1896a6a2e1d873a216bba",
                "shasum": ""
            },
            "require": {
                "php": ">=5.5",
                "queue-interop/queue-interop": "^0.6@dev"
            },
            "require-dev": {
                "phpunit/phpunit": "~5.4.0"
            },
            "type": "library",
            "extra": {
                "branch-alias": {
                    "dev-master": "0.7.x-dev"
                }
            },
            "autoload": {
                "psr-4": {
                    "Interop\\Amqp\\": "src/"
                }
            },
            "notification-url": "https://packagist.org/downloads/",
            "license": [
                "MIT"
            ],
            "time": "2018-01-04T09:52:06+00:00"
        },
        {
            "name": "queue-interop/queue-interop",
            "version": "0.6.1",
            "source": {
                "type": "git",
                "url": "https://github.com/queue-interop/queue-interop.git",
                "reference": "38579005c0492c0275bbae31170edf30a7e740fa"
            },
            "dist": {
                "type": "zip",
                "url": "https://api.github.com/repos/queue-interop/queue-interop/zipball/38579005c0492c0275bbae31170edf30a7e740fa",
                "reference": "38579005c0492c0275bbae31170edf30a7e740fa",
                "shasum": ""
            },
            "require": {
                "php": ">=5.5"
            },
            "type": "library",
            "extra": {
                "branch-alias": {
                    "dev-master": "0.6.x-dev"
                }
            },
            "autoload": {
                "psr-4": {
                    "Interop\\Queue\\": "src/"
                }
            },
            "notification-url": "https://packagist.org/downloads/",
            "license": [
                "MIT"
            ],
            "description": "Promoting the interoperability of MQs objects. Based on Java JMS",
            "homepage": "https://github.com/queue-interop/queue-interop",
            "keywords": [
                "MQ",
                "jms",
                "message queue",
                "messaging",
                "queue"
            ],
            "time": "2017-08-10T11:24:15+00:00"
        },
        {
            "name": "ramsey/uuid",
            "version": "3.7.1",
            "source": {
                "type": "git",
                "url": "https://github.com/ramsey/uuid.git",
                "reference": "45cffe822057a09e05f7bd09ec5fb88eeecd2334"
            },
            "dist": {
                "type": "zip",
                "url": "https://api.github.com/repos/ramsey/uuid/zipball/45cffe822057a09e05f7bd09ec5fb88eeecd2334",
                "reference": "45cffe822057a09e05f7bd09ec5fb88eeecd2334",
                "shasum": ""
            },
            "require": {
                "paragonie/random_compat": "^1.0|^2.0",
                "php": "^5.4 || ^7.0"
            },
            "replace": {
                "rhumsaa/uuid": "self.version"
            },
            "require-dev": {
                "apigen/apigen": "^4.1",
                "codeception/aspect-mock": "^1.0 | ^2.0",
                "doctrine/annotations": "~1.2.0",
                "goaop/framework": "1.0.0-alpha.2 | ^1.0 | ^2.1",
                "ircmaxell/random-lib": "^1.1",
                "jakub-onderka/php-parallel-lint": "^0.9.0",
                "mockery/mockery": "^0.9.4",
                "moontoast/math": "^1.1",
                "php-mock/php-mock-phpunit": "^0.3|^1.1",
                "phpunit/phpunit": "^4.7|>=5.0 <5.4",
                "satooshi/php-coveralls": "^0.6.1",
                "squizlabs/php_codesniffer": "^2.3"
            },
            "suggest": {
                "ext-libsodium": "Provides the PECL libsodium extension for use with the SodiumRandomGenerator",
                "ext-uuid": "Provides the PECL UUID extension for use with the PeclUuidTimeGenerator and PeclUuidRandomGenerator",
                "ircmaxell/random-lib": "Provides RandomLib for use with the RandomLibAdapter",
                "moontoast/math": "Provides support for converting UUID to 128-bit integer (in string form).",
                "ramsey/uuid-console": "A console application for generating UUIDs with ramsey/uuid",
                "ramsey/uuid-doctrine": "Allows the use of Ramsey\\Uuid\\Uuid as Doctrine field type."
            },
            "type": "library",
            "extra": {
                "branch-alias": {
                    "dev-master": "3.x-dev"
                }
            },
            "autoload": {
                "psr-4": {
                    "Ramsey\\Uuid\\": "src/"
                }
            },
            "notification-url": "https://packagist.org/downloads/",
            "license": [
                "MIT"
            ],
            "authors": [
                {
                    "name": "Marijn Huizendveld",
                    "email": "marijn.huizendveld@gmail.com"
                },
                {
                    "name": "Thibaud Fabre",
                    "email": "thibaud@aztech.io"
                },
                {
                    "name": "Ben Ramsey",
                    "email": "ben@benramsey.com",
                    "homepage": "https://benramsey.com"
                }
            ],
            "description": "Formerly rhumsaa/uuid. A PHP 5.4+ library for generating RFC 4122 version 1, 3, 4, and 5 universally unique identifiers (UUID).",
            "homepage": "https://github.com/ramsey/uuid",
            "keywords": [
                "guid",
                "identifier",
                "uuid"
            ],
            "time": "2017-09-22T20:46:04+00:00"
        },
        {
            "name": "react/event-loop",
            "version": "v0.4.3",
            "source": {
                "type": "git",
                "url": "https://github.com/reactphp/event-loop.git",
                "reference": "8bde03488ee897dc6bb3d91e4e17c353f9c5252f"
            },
            "dist": {
                "type": "zip",
                "url": "https://api.github.com/repos/reactphp/event-loop/zipball/8bde03488ee897dc6bb3d91e4e17c353f9c5252f",
                "reference": "8bde03488ee897dc6bb3d91e4e17c353f9c5252f",
                "shasum": ""
            },
            "require": {
                "php": ">=5.4.0"
            },
            "require-dev": {
                "phpunit/phpunit": "~4.8"
            },
            "suggest": {
                "ext-event": "~1.0",
                "ext-libev": "*",
                "ext-libevent": ">=0.1.0"
            },
            "type": "library",
            "autoload": {
                "psr-4": {
                    "React\\EventLoop\\": "src"
                }
            },
            "notification-url": "https://packagist.org/downloads/",
            "license": [
                "MIT"
            ],
            "description": "Event loop abstraction layer that libraries can use for evented I/O.",
            "keywords": [
                "asynchronous",
                "event-loop"
            ],
            "time": "2017-04-27T10:56:23+00:00"
        },
        {
            "name": "react/promise",
            "version": "v2.5.1",
            "source": {
                "type": "git",
                "url": "https://github.com/reactphp/promise.git",
                "reference": "62785ae604c8d69725d693eb370e1d67e94c4053"
            },
            "dist": {
                "type": "zip",
                "url": "https://api.github.com/repos/reactphp/promise/zipball/62785ae604c8d69725d693eb370e1d67e94c4053",
                "reference": "62785ae604c8d69725d693eb370e1d67e94c4053",
                "shasum": ""
            },
            "require": {
                "php": ">=5.4.0"
            },
            "require-dev": {
                "phpunit/phpunit": "~4.8"
            },
            "type": "library",
            "autoload": {
                "psr-4": {
                    "React\\Promise\\": "src/"
                },
                "files": [
                    "src/functions_include.php"
                ]
            },
            "notification-url": "https://packagist.org/downloads/",
            "license": [
                "MIT"
            ],
            "authors": [
                {
                    "name": "Jan Sorgalla",
                    "email": "jsorgalla@gmail.com"
                }
            ],
            "description": "A lightweight implementation of CommonJS Promises/A for PHP",
            "keywords": [
                "promise",
                "promises"
            ],
            "time": "2017-03-25T12:08:31+00:00"
        },
        {
            "name": "symfony/console",
            "version": "v3.4.3",
            "source": {
                "type": "git",
                "url": "https://github.com/symfony/console.git",
                "reference": "8394c8ef121949e8f858f13bc1e34f05169e4e7d"
            },
            "dist": {
                "type": "zip",
                "url": "https://api.github.com/repos/symfony/console/zipball/8394c8ef121949e8f858f13bc1e34f05169e4e7d",
                "reference": "8394c8ef121949e8f858f13bc1e34f05169e4e7d",
                "shasum": ""
            },
            "require": {
                "php": "^5.5.9|>=7.0.8",
                "symfony/debug": "~2.8|~3.0|~4.0",
                "symfony/polyfill-mbstring": "~1.0"
            },
            "conflict": {
                "symfony/dependency-injection": "<3.4",
                "symfony/process": "<3.3"
            },
            "require-dev": {
                "psr/log": "~1.0",
                "symfony/config": "~3.3|~4.0",
                "symfony/dependency-injection": "~3.4|~4.0",
                "symfony/event-dispatcher": "~2.8|~3.0|~4.0",
                "symfony/lock": "~3.4|~4.0",
                "symfony/process": "~3.3|~4.0"
            },
            "suggest": {
                "psr/log": "For using the console logger",
                "symfony/event-dispatcher": "",
                "symfony/lock": "",
                "symfony/process": ""
            },
            "type": "library",
            "extra": {
                "branch-alias": {
                    "dev-master": "3.4-dev"
                }
            },
            "autoload": {
                "psr-4": {
                    "Symfony\\Component\\Console\\": ""
                },
                "exclude-from-classmap": [
                    "/Tests/"
                ]
            },
            "notification-url": "https://packagist.org/downloads/",
            "license": [
                "MIT"
            ],
            "authors": [
                {
                    "name": "Fabien Potencier",
                    "email": "fabien@symfony.com"
                },
                {
                    "name": "Symfony Community",
                    "homepage": "https://symfony.com/contributors"
                }
            ],
            "description": "Symfony Console Component",
            "homepage": "https://symfony.com",
            "time": "2018-01-03T07:37:34+00:00"
        },
        {
            "name": "symfony/debug",
            "version": "v4.0.3",
            "source": {
                "type": "git",
                "url": "https://github.com/symfony/debug.git",
                "reference": "9ae4223a661b56a9abdce144de4886cca37f198f"
            },
            "dist": {
                "type": "zip",
                "url": "https://api.github.com/repos/symfony/debug/zipball/9ae4223a661b56a9abdce144de4886cca37f198f",
                "reference": "9ae4223a661b56a9abdce144de4886cca37f198f",
                "shasum": ""
            },
            "require": {
                "php": "^7.1.3",
                "psr/log": "~1.0"
            },
            "conflict": {
                "symfony/http-kernel": "<3.4"
            },
            "require-dev": {
                "symfony/http-kernel": "~3.4|~4.0"
            },
            "type": "library",
            "extra": {
                "branch-alias": {
                    "dev-master": "4.0-dev"
                }
            },
            "autoload": {
                "psr-4": {
                    "Symfony\\Component\\Debug\\": ""
                },
                "exclude-from-classmap": [
                    "/Tests/"
                ]
            },
            "notification-url": "https://packagist.org/downloads/",
            "license": [
                "MIT"
            ],
            "authors": [
                {
                    "name": "Fabien Potencier",
                    "email": "fabien@symfony.com"
                },
                {
                    "name": "Symfony Community",
                    "homepage": "https://symfony.com/contributors"
                }
            ],
            "description": "Symfony Debug Component",
            "homepage": "https://symfony.com",
            "time": "2018-01-03T17:15:19+00:00"
        },
        {
            "name": "symfony/polyfill-mbstring",
            "version": "v1.6.0",
            "source": {
                "type": "git",
                "url": "https://github.com/symfony/polyfill-mbstring.git",
                "reference": "2ec8b39c38cb16674bbf3fea2b6ce5bf117e1296"
            },
            "dist": {
                "type": "zip",
                "url": "https://api.github.com/repos/symfony/polyfill-mbstring/zipball/2ec8b39c38cb16674bbf3fea2b6ce5bf117e1296",
                "reference": "2ec8b39c38cb16674bbf3fea2b6ce5bf117e1296",
                "shasum": ""
            },
            "require": {
                "php": ">=5.3.3"
            },
            "suggest": {
                "ext-mbstring": "For best performance"
            },
            "type": "library",
            "extra": {
                "branch-alias": {
                    "dev-master": "1.6-dev"
                }
            },
            "autoload": {
                "psr-4": {
                    "Symfony\\Polyfill\\Mbstring\\": ""
                },
                "files": [
                    "bootstrap.php"
                ]
            },
            "notification-url": "https://packagist.org/downloads/",
            "license": [
                "MIT"
            ],
            "authors": [
                {
                    "name": "Nicolas Grekas",
                    "email": "p@tchwork.com"
                },
                {
                    "name": "Symfony Community",
                    "homepage": "https://symfony.com/contributors"
                }
            ],
            "description": "Symfony polyfill for the Mbstring extension",
            "homepage": "https://symfony.com",
            "keywords": [
                "compatibility",
                "mbstring",
                "polyfill",
                "portable",
                "shim"
            ],
            "time": "2017-10-11T12:05:26+00:00"
        },
        {
            "name": "symfony/process",
            "version": "v3.4.3",
            "source": {
                "type": "git",
                "url": "https://github.com/symfony/process.git",
                "reference": "ff69f110c6b33fd33cd2089ba97d6112f44ef0ba"
            },
            "dist": {
                "type": "zip",
                "url": "https://api.github.com/repos/symfony/process/zipball/ff69f110c6b33fd33cd2089ba97d6112f44ef0ba",
                "reference": "ff69f110c6b33fd33cd2089ba97d6112f44ef0ba",
                "shasum": ""
            },
            "require": {
                "php": "^5.5.9|>=7.0.8"
            },
            "type": "library",
            "extra": {
                "branch-alias": {
                    "dev-master": "3.4-dev"
                }
            },
            "autoload": {
                "psr-4": {
                    "Symfony\\Component\\Process\\": ""
                },
                "exclude-from-classmap": [
                    "/Tests/"
                ]
            },
            "notification-url": "https://packagist.org/downloads/",
            "license": [
                "MIT"
            ],
            "authors": [
                {
                    "name": "Fabien Potencier",
                    "email": "fabien@symfony.com"
                },
                {
                    "name": "Symfony Community",
                    "homepage": "https://symfony.com/contributors"
                }
            ],
            "description": "Symfony Process Component",
            "homepage": "https://symfony.com",
            "time": "2018-01-03T07:37:34+00:00"
        }
    ],
    "packages-dev": [],
    "aliases": [],
    "minimum-stability": "stable",
    "stability-flags": {
        "comrade/shared": 20,
        "comrade/client": 20
    },
    "prefer-stable": false,
    "prefer-lowest": false,
    "platform": {
        "php": "^7.1"
    },
    "platform-dev": []
}
