{
    "_readme": [
        "This file locks the dependencies of your project to a known state",
        "Read more about it at https://getcomposer.org/doc/01-basic-usage.md#composer-lock-the-lock-file",
        "This file is @generated automatically"
    ],
    "content-hash": "56975820cba405fa888a7d4aad78010a",
    "packages": [
        {
            "name": "comrade/shared",
            "version": "dev-master",
            "dist": {
                "type": "path",
                "url": "../../pkg/comrade-shared",
                "reference": "cdec714e3a16c3e9a71fb989b8c82bc578bc2f62",
                "shasum": null
            },
            "require": {
                "enqueue/enqueue": "^0.7",
                "guzzlehttp/guzzle": "^6.3",
                "makasim/values": "@dev",
                "php": ">=7.1"
            },
            "type": "library",
            "extra": {
                "branch-alias": {
                    "dev-master": "0.1.x-dev"
                }
            },
            "autoload": {
                "psr-4": {
                    "Comrade\\Shared\\": ""
                }
            },
            "license": [
                "MIT"
            ],
            "description": "Comrade PHP client",
            "keywords": [
                "client",
                "job manager"
            ]
        },
        {
            "name": "enqueue/amqp-ext",
            "version": "0.7.15",
            "source": {
                "type": "git",
                "url": "https://github.com/php-enqueue/amqp-ext.git",
                "reference": "35e3b27006c7a4df32eab0ddad51e724bc88bdf3"
            },
            "dist": {
                "type": "zip",
                "url": "https://api.github.com/repos/php-enqueue/amqp-ext/zipball/35e3b27006c7a4df32eab0ddad51e724bc88bdf3",
                "reference": "35e3b27006c7a4df32eab0ddad51e724bc88bdf3",
                "shasum": ""
            },
            "require": {
                "enqueue/amqp-tools": "^0.7@dev",
                "ext-amqp": "^1.6",
                "php": ">=5.6",
                "queue-interop/amqp-interop": "^0.6@dev"
            },
            "require-dev": {
                "empi89/php-amqp-stubs": "*@dev",
                "enqueue/enqueue": "^0.7@dev",
                "enqueue/null": "^0.7@dev",
                "enqueue/test": "^0.7@dev",
                "phpunit/phpunit": "~5.4.0",
                "queue-interop/queue-spec": "^0.5@dev",
                "symfony/config": "^2.8|^3",
                "symfony/dependency-injection": "^2.8|^3"
            },
            "suggest": {
                "enqueue/enqueue": "If you'd like to use advanced features like Client abstract layer or Symfony integration features"
            },
            "type": "library",
            "extra": {
                "branch-alias": {
                    "dev-master": "0.7.x-dev"
                }
            },
            "autoload": {
                "psr-4": {
                    "Enqueue\\AmqpExt\\": ""
                },
                "exclude-from-classmap": [
                    "/Tests/"
                ]
            },
            "notification-url": "https://packagist.org/downloads/",
            "license": [
                "MIT"
            ],
            "description": "Message Queue Amqp Transport",
            "keywords": [
                "AMQP",
                "messaging",
                "queue"
            ],
            "time": "2017-09-25T09:58:39+00:00"
        },
        {
            "name": "enqueue/amqp-tools",
            "version": "0.7.5",
            "source": {
                "type": "git",
                "url": "https://github.com/php-enqueue/amqp-tools.git",
                "reference": "6d8a64df01140c2c5ca31316506f1c4a11e89ec8"
            },
            "dist": {
                "type": "zip",
                "url": "https://api.github.com/repos/php-enqueue/amqp-tools/zipball/6d8a64df01140c2c5ca31316506f1c4a11e89ec8",
                "reference": "6d8a64df01140c2c5ca31316506f1c4a11e89ec8",
                "shasum": ""
            },
            "require": {
                "php": ">=5.6",
                "queue-interop/amqp-interop": "^0.6@dev",
                "queue-interop/queue-interop": "^0.6@dev"
            },
            "require-dev": {
                "enqueue/null": "^0.7@dev",
                "enqueue/test": "^0.7@dev",
                "phpunit/phpunit": "~5.4.0"
            },
            "type": "library",
            "extra": {
                "branch-alias": {
                    "dev-master": "0.7.x-dev"
                }
            },
            "autoload": {
                "psr-4": {
                    "Enqueue\\AmqpTools\\": ""
                },
                "exclude-from-classmap": [
                    "/Tests/"
                ]
            },
            "notification-url": "https://packagist.org/downloads/",
            "license": [
                "MIT"
            ],
            "description": "Message Queue Amqp Tools",
            "keywords": [
                "AMQP",
                "messaging",
                "queue"
            ],
            "time": "2017-08-10T16:29:27+00:00"
        },
        {
            "name": "enqueue/enqueue",
            "version": "0.7.16",
            "source": {
                "type": "git",
                "url": "https://github.com/php-enqueue/enqueue.git",
                "reference": "744a13b6b387613f1d41e3158e27e1c712933aa3"
            },
            "dist": {
                "type": "zip",
                "url": "https://api.github.com/repos/php-enqueue/enqueue/zipball/744a13b6b387613f1d41e3158e27e1c712933aa3",
                "reference": "744a13b6b387613f1d41e3158e27e1c712933aa3",
                "shasum": ""
            },
            "require": {
                "enqueue/null": "^0.7@dev",
                "php": ">=5.6",
                "psr/log": "^1",
                "queue-interop/queue-interop": "^0.6@dev",
                "ramsey/uuid": "^2|^3.5"
            },
            "require-dev": {
                "empi89/php-amqp-stubs": "*@dev",
                "enqueue/amqp-bunny": "^0.7@dev",
                "enqueue/amqp-ext": "^0.7@dev",
                "enqueue/amqp-lib": "^0.7@dev",
                "enqueue/dbal": "^0.7@dev",
                "enqueue/fs": "^0.7@dev",
                "enqueue/gearman": "^0.7@dev",
                "enqueue/gps": "^0.7@dev",
                "enqueue/pheanstalk": "^0.7@dev",
                "enqueue/rdkafka": "^0.7@dev",
                "enqueue/redis": "^0.7@dev",
                "enqueue/simple-client": "^0.7@dev",
                "enqueue/sqs": "^0.7@dev",
                "enqueue/stomp": "^0.7@dev",
                "enqueue/test": "^0.7@dev",
                "phpunit/phpunit": "~5.5",
                "symfony/config": "^2.8|^3",
                "symfony/console": "^2.8|^3",
                "symfony/dependency-injection": "^2.8|^3",
                "symfony/event-dispatcher": "^2.8|^3",
                "symfony/http-kernel": "^2.8|^3"
            },
            "suggest": {
                "enqueue/amqp-ext": "AMQP transport (based on php extension)",
                "enqueue/dbal": "Doctrine DBAL transport",
                "enqueue/fs": "Filesystem transport",
                "enqueue/redis": "Redis transport",
                "enqueue/sqs": "Amazon AWS SQS transport",
                "enqueue/stomp": "STOMP transport",
                "symfony/config": "^2.8|^3",
                "symfony/console": "^2.8|^3 If you want to use li commands",
                "symfony/dependency-injection": "^2.8|^3"
            },
            "type": "library",
            "extra": {
                "branch-alias": {
                    "dev-master": "0.7.x-dev"
                }
            },
            "autoload": {
                "psr-4": {
                    "Enqueue\\": ""
                },
                "files": [
                    "functions_include.php"
                ],
                "exclude-from-classmap": [
                    "/Tests/"
                ]
            },
            "notification-url": "https://packagist.org/downloads/",
            "license": [
                "MIT"
            ],
            "description": "Message Queue Library",
            "keywords": [
                "AMQP",
                "messaging",
                "queue",
                "rabbitmq"
            ],
            "time": "2017-09-25T12:04:26+00:00"
        },
        {
            "name": "enqueue/null",
            "version": "0.7.6",
            "source": {
                "type": "git",
                "url": "https://github.com/php-enqueue/null.git",
                "reference": "783882757215a5764a35a6fb553da13b7fdbdc82"
            },
            "dist": {
                "type": "zip",
                "url": "https://api.github.com/repos/php-enqueue/null/zipball/783882757215a5764a35a6fb553da13b7fdbdc82",
                "reference": "783882757215a5764a35a6fb553da13b7fdbdc82",
                "shasum": ""
            },
            "require": {
                "php": ">=5.6",
                "queue-interop/queue-interop": "^0.6@dev"
            },
            "require-dev": {
                "enqueue/enqueue": "^0.7@dev",
                "enqueue/test": "^0.7@dev",
                "phpunit/phpunit": "~5.5",
                "queue-interop/queue-spec": "^0.5@dev",
                "symfony/config": "^2.8|^3",
                "symfony/dependency-injection": "^2.8|^3"
            },
            "type": "library",
            "extra": {
                "branch-alias": {
                    "dev-master": "0.7.x-dev"
                }
            },
            "autoload": {
                "psr-4": {
                    "Enqueue\\Null\\": ""
                },
                "exclude-from-classmap": [
                    "/Tests/"
                ]
            },
            "notification-url": "https://packagist.org/downloads/",
            "license": [
                "MIT"
            ],
            "description": "Enqueue Null transport",
            "keywords": [
                "messaging",
                "queue",
                "testing"
            ],
            "time": "2017-08-16T07:38:27+00:00"
        },
        {
            "name": "guzzlehttp/guzzle",
            "version": "6.3.0",
            "source": {
                "type": "git",
                "url": "https://github.com/guzzle/guzzle.git",
                "reference": "f4db5a78a5ea468d4831de7f0bf9d9415e348699"
            },
            "dist": {
                "type": "zip",
                "url": "https://api.github.com/repos/guzzle/guzzle/zipball/f4db5a78a5ea468d4831de7f0bf9d9415e348699",
                "reference": "f4db5a78a5ea468d4831de7f0bf9d9415e348699",
                "shasum": ""
            },
            "require": {
                "guzzlehttp/promises": "^1.0",
                "guzzlehttp/psr7": "^1.4",
                "php": ">=5.5"
            },
            "require-dev": {
                "ext-curl": "*",
                "phpunit/phpunit": "^4.0 || ^5.0",
                "psr/log": "^1.0"
            },
            "suggest": {
                "psr/log": "Required for using the Log middleware"
            },
            "type": "library",
            "extra": {
                "branch-alias": {
                    "dev-master": "6.2-dev"
                }
            },
            "autoload": {
                "files": [
                    "src/functions_include.php"
                ],
                "psr-4": {
                    "GuzzleHttp\\": "src/"
                }
            },
            "notification-url": "https://packagist.org/downloads/",
            "license": [
                "MIT"
            ],
            "authors": [
                {
                    "name": "Michael Dowling",
                    "email": "mtdowling@gmail.com",
                    "homepage": "https://github.com/mtdowling"
                }
            ],
            "description": "Guzzle is a PHP HTTP client library",
            "homepage": "http://guzzlephp.org/",
            "keywords": [
                "client",
                "curl",
                "framework",
                "http",
                "http client",
                "rest",
                "web service"
            ],
            "time": "2017-06-22T18:50:49+00:00"
        },
        {
            "name": "guzzlehttp/promises",
            "version": "v1.3.1",
            "source": {
                "type": "git",
                "url": "https://github.com/guzzle/promises.git",
                "reference": "a59da6cf61d80060647ff4d3eb2c03a2bc694646"
            },
            "dist": {
                "type": "zip",
                "url": "https://api.github.com/repos/guzzle/promises/zipball/a59da6cf61d80060647ff4d3eb2c03a2bc694646",
                "reference": "a59da6cf61d80060647ff4d3eb2c03a2bc694646",
                "shasum": ""
            },
            "require": {
                "php": ">=5.5.0"
            },
            "require-dev": {
                "phpunit/phpunit": "^4.0"
            },
            "type": "library",
            "extra": {
                "branch-alias": {
                    "dev-master": "1.4-dev"
                }
            },
            "autoload": {
                "psr-4": {
                    "GuzzleHttp\\Promise\\": "src/"
                },
                "files": [
                    "src/functions_include.php"
                ]
            },
            "notification-url": "https://packagist.org/downloads/",
            "license": [
                "MIT"
            ],
            "authors": [
                {
                    "name": "Michael Dowling",
                    "email": "mtdowling@gmail.com",
                    "homepage": "https://github.com/mtdowling"
                }
            ],
            "description": "Guzzle promises library",
            "keywords": [
                "promise"
            ],
            "time": "2016-12-20T10:07:11+00:00"
        },
        {
            "name": "guzzlehttp/psr7",
            "version": "1.4.2",
            "source": {
                "type": "git",
                "url": "https://github.com/guzzle/psr7.git",
                "reference": "f5b8a8512e2b58b0071a7280e39f14f72e05d87c"
            },
            "dist": {
                "type": "zip",
                "url": "https://api.github.com/repos/guzzle/psr7/zipball/f5b8a8512e2b58b0071a7280e39f14f72e05d87c",
                "reference": "f5b8a8512e2b58b0071a7280e39f14f72e05d87c",
                "shasum": ""
            },
            "require": {
                "php": ">=5.4.0",
                "psr/http-message": "~1.0"
            },
            "provide": {
                "psr/http-message-implementation": "1.0"
            },
            "require-dev": {
                "phpunit/phpunit": "~4.0"
            },
            "type": "library",
            "extra": {
                "branch-alias": {
                    "dev-master": "1.4-dev"
                }
            },
            "autoload": {
                "psr-4": {
                    "GuzzleHttp\\Psr7\\": "src/"
                },
                "files": [
                    "src/functions_include.php"
                ]
            },
            "notification-url": "https://packagist.org/downloads/",
            "license": [
                "MIT"
            ],
            "authors": [
                {
                    "name": "Michael Dowling",
                    "email": "mtdowling@gmail.com",
                    "homepage": "https://github.com/mtdowling"
                },
                {
                    "name": "Tobias Schultze",
                    "homepage": "https://github.com/Tobion"
                }
            ],
            "description": "PSR-7 message implementation that also provides common utility methods",
            "keywords": [
                "http",
                "message",
                "request",
                "response",
                "stream",
                "uri",
                "url"
            ],
            "time": "2017-03-20T17:10:46+00:00"
        },
        {
            "name": "makasim/values",
            "version": "0.2.5",
            "source": {
                "type": "git",
                "url": "https://github.com/makasim/values.git",
                "reference": "7cf59817ae825d424e09b03b300d6cc31684c26a"
            },
            "dist": {
                "type": "zip",
                "url": "https://api.github.com/repos/makasim/values/zipball/7cf59817ae825d424e09b03b300d6cc31684c26a",
                "reference": "7cf59817ae825d424e09b03b300d6cc31684c26a",
                "shasum": ""
            },
            "require": {
                "php": "^7"
            },
            "require-dev": {
                "phpunit/phpunit": "^6"
            },
            "type": "library",
            "extra": {
                "branch-alias": {
                    "dev-master": "0.2-dev"
                }
            },
            "autoload": {
                "psr-4": {
                    "Makasim\\Values\\": "src"
                },
                "files": [
                    "src/functions_include.php"
                ]
            },
            "notification-url": "https://packagist.org/downloads/",
            "license": [
                "MIT"
            ],
            "authors": [
                {
                    "name": "Maksym Kotliar",
                    "email": "kotlyar.maksim@gmail.com"
                }
            ],
            "description": "An alter ego object. It is an object and an array at the same time",
            "keywords": [
                "model"
            ],
            "time": "2017-05-30T10:48:01+00:00"
        },
        {
            "name": "paragonie/random_compat",
            "version": "v2.0.11",
            "source": {
                "type": "git",
                "url": "https://github.com/paragonie/random_compat.git",
                "reference": "5da4d3c796c275c55f057af5a643ae297d96b4d8"
            },
            "dist": {
                "type": "zip",
                "url": "https://api.github.com/repos/paragonie/random_compat/zipball/5da4d3c796c275c55f057af5a643ae297d96b4d8",
                "reference": "5da4d3c796c275c55f057af5a643ae297d96b4d8",
                "shasum": ""
            },
            "require": {
                "php": ">=5.2.0"
            },
            "require-dev": {
                "phpunit/phpunit": "4.*|5.*"
            },
            "suggest": {
                "ext-libsodium": "Provides a modern crypto API that can be used to generate random bytes."
            },
            "type": "library",
            "autoload": {
                "files": [
                    "lib/random.php"
                ]
            },
            "notification-url": "https://packagist.org/downloads/",
            "license": [
                "MIT"
            ],
            "authors": [
                {
                    "name": "Paragon Initiative Enterprises",
                    "email": "security@paragonie.com",
                    "homepage": "https://paragonie.com"
                }
            ],
            "description": "PHP 5.x polyfill for random_bytes() and random_int() from PHP 7",
            "keywords": [
                "csprng",
                "pseudorandom",
                "random"
            ],
            "time": "2017-09-27T21:40:39+00:00"
        },
        {
            "name": "psr/http-message",
            "version": "1.0.1",
            "source": {
                "type": "git",
                "url": "https://github.com/php-fig/http-message.git",
                "reference": "f6561bf28d520154e4b0ec72be95418abe6d9363"
            },
            "dist": {
                "type": "zip",
                "url": "https://api.github.com/repos/php-fig/http-message/zipball/f6561bf28d520154e4b0ec72be95418abe6d9363",
                "reference": "f6561bf28d520154e4b0ec72be95418abe6d9363",
                "shasum": ""
            },
            "require": {
                "php": ">=5.3.0"
            },
            "type": "library",
            "extra": {
                "branch-alias": {
                    "dev-master": "1.0.x-dev"
                }
            },
            "autoload": {
                "psr-4": {
                    "Psr\\Http\\Message\\": "src/"
                }
            },
            "notification-url": "https://packagist.org/downloads/",
            "license": [
                "MIT"
            ],
            "authors": [
                {
                    "name": "PHP-FIG",
                    "homepage": "http://www.php-fig.org/"
                }
            ],
            "description": "Common interface for HTTP messages",
            "homepage": "https://github.com/php-fig/http-message",
            "keywords": [
                "http",
                "http-message",
                "psr",
                "psr-7",
                "request",
                "response"
            ],
            "time": "2016-08-06T14:39:51+00:00"
        },
        {
            "name": "psr/log",
            "version": "1.0.2",
            "source": {
                "type": "git",
                "url": "https://github.com/php-fig/log.git",
                "reference": "4ebe3a8bf773a19edfe0a84b6585ba3d401b724d"
            },
            "dist": {
                "type": "zip",
                "url": "https://api.github.com/repos/php-fig/log/zipball/4ebe3a8bf773a19edfe0a84b6585ba3d401b724d",
                "reference": "4ebe3a8bf773a19edfe0a84b6585ba3d401b724d",
                "shasum": ""
            },
            "require": {
                "php": ">=5.3.0"
            },
            "type": "library",
            "extra": {
                "branch-alias": {
                    "dev-master": "1.0.x-dev"
                }
            },
            "autoload": {
                "psr-4": {
                    "Psr\\Log\\": "Psr/Log/"
                }
            },
            "notification-url": "https://packagist.org/downloads/",
            "license": [
                "MIT"
            ],
            "authors": [
                {
                    "name": "PHP-FIG",
                    "homepage": "http://www.php-fig.org/"
                }
            ],
            "description": "Common interface for logging libraries",
            "homepage": "https://github.com/php-fig/log",
            "keywords": [
                "log",
                "psr",
                "psr-3"
            ],
            "time": "2016-10-10T12:19:37+00:00"
        },
        {
            "name": "queue-interop/amqp-interop",
            "version": "0.6.1",
            "source": {
                "type": "git",
                "url": "https://github.com/queue-interop/amqp-interop.git",
                "reference": "154cc82b9cc9e32f36d5bda0613997e8d81e6908"
            },
            "dist": {
                "type": "zip",
                "url": "https://api.github.com/repos/queue-interop/amqp-interop/zipball/154cc82b9cc9e32f36d5bda0613997e8d81e6908",
                "reference": "154cc82b9cc9e32f36d5bda0613997e8d81e6908",
                "shasum": ""
            },
            "require": {
                "php": ">=5.5",
                "queue-interop/queue-interop": "^0.6@dev"
            },
            "require-dev": {
                "phpunit/phpunit": "~5.4.0"
            },
            "type": "library",
            "extra": {
                "branch-alias": {
                    "dev-master": "0.6.x-dev"
                }
            },
            "autoload": {
                "psr-4": {
                    "Interop\\Amqp\\": "src/"
                }
            },
            "notification-url": "https://packagist.org/downloads/",
            "time": "2017-08-10T11:22:09+00:00"
        },
        {
            "name": "queue-interop/queue-interop",
            "version": "0.6.1",
            "source": {
                "type": "git",
                "url": "https://github.com/queue-interop/queue-interop.git",
                "reference": "38579005c0492c0275bbae31170edf30a7e740fa"
            },
            "dist": {
                "type": "zip",
                "url": "https://api.github.com/repos/queue-interop/queue-interop/zipball/38579005c0492c0275bbae31170edf30a7e740fa",
                "reference": "38579005c0492c0275bbae31170edf30a7e740fa",
                "shasum": ""
            },
            "require": {
                "php": ">=5.5"
            },
            "type": "library",
            "extra": {
                "branch-alias": {
                    "dev-master": "0.6.x-dev"
                }
            },
            "autoload": {
                "psr-4": {
                    "Interop\\Queue\\": "src/"
                }
            },
            "notification-url": "https://packagist.org/downloads/",
            "license": [
                "MIT"
            ],
            "description": "Promoting the interoperability of MQs objects. Based on Java JMS",
            "homepage": "https://github.com/queue-interop/queue-interop",
            "keywords": [
                "MQ",
                "jms",
                "message queue",
                "messaging",
                "queue"
            ],
            "time": "2017-08-10T11:24:15+00:00"
        },
        {
            "name": "ramsey/uuid",
            "version": "3.7.1",
            "source": {
                "type": "git",
                "url": "https://github.com/ramsey/uuid.git",
                "reference": "45cffe822057a09e05f7bd09ec5fb88eeecd2334"
            },
            "dist": {
                "type": "zip",
                "url": "https://api.github.com/repos/ramsey/uuid/zipball/45cffe822057a09e05f7bd09ec5fb88eeecd2334",
                "reference": "45cffe822057a09e05f7bd09ec5fb88eeecd2334",
                "shasum": ""
            },
            "require": {
                "paragonie/random_compat": "^1.0|^2.0",
                "php": "^5.4 || ^7.0"
            },
            "replace": {
                "rhumsaa/uuid": "self.version"
            },
            "require-dev": {
                "apigen/apigen": "^4.1",
                "codeception/aspect-mock": "^1.0 | ^2.0",
                "doctrine/annotations": "~1.2.0",
                "goaop/framework": "1.0.0-alpha.2 | ^1.0 | ^2.1",
                "ircmaxell/random-lib": "^1.1",
                "jakub-onderka/php-parallel-lint": "^0.9.0",
                "mockery/mockery": "^0.9.4",
                "moontoast/math": "^1.1",
                "php-mock/php-mock-phpunit": "^0.3|^1.1",
                "phpunit/phpunit": "^4.7|>=5.0 <5.4",
                "satooshi/php-coveralls": "^0.6.1",
                "squizlabs/php_codesniffer": "^2.3"
            },
            "suggest": {
                "ext-libsodium": "Provides the PECL libsodium extension for use with the SodiumRandomGenerator",
                "ext-uuid": "Provides the PECL UUID extension for use with the PeclUuidTimeGenerator and PeclUuidRandomGenerator",
                "ircmaxell/random-lib": "Provides RandomLib for use with the RandomLibAdapter",
                "moontoast/math": "Provides support for converting UUID to 128-bit integer (in string form).",
                "ramsey/uuid-console": "A console application for generating UUIDs with ramsey/uuid",
                "ramsey/uuid-doctrine": "Allows the use of Ramsey\\Uuid\\Uuid as Doctrine field type."
            },
            "type": "library",
            "extra": {
                "branch-alias": {
                    "dev-master": "3.x-dev"
                }
            },
            "autoload": {
                "psr-4": {
                    "Ramsey\\Uuid\\": "src/"
                }
            },
            "notification-url": "https://packagist.org/downloads/",
            "license": [
                "MIT"
            ],
            "authors": [
                {
                    "name": "Marijn Huizendveld",
                    "email": "marijn.huizendveld@gmail.com"
                },
                {
                    "name": "Thibaud Fabre",
                    "email": "thibaud@aztech.io"
                },
                {
                    "name": "Ben Ramsey",
                    "email": "ben@benramsey.com",
                    "homepage": "https://benramsey.com"
                }
            ],
            "description": "Formerly rhumsaa/uuid. A PHP 5.4+ library for generating RFC 4122 version 1, 3, 4, and 5 universally unique identifiers (UUID).",
            "homepage": "https://github.com/ramsey/uuid",
            "keywords": [
                "guid",
                "identifier",
                "uuid"
            ],
            "time": "2017-09-22T20:46:04+00:00"
        },
        {
            "name": "symfony/console",
            "version": "v3.3.9",
            "source": {
                "type": "git",
                "url": "https://github.com/symfony/console.git",
                "reference": "a1e1b01293a090cb9ae2ddd221a3251a4a7e4abf"
            },
            "dist": {
                "type": "zip",
                "url": "https://api.github.com/repos/symfony/console/zipball/a1e1b01293a090cb9ae2ddd221a3251a4a7e4abf",
                "reference": "a1e1b01293a090cb9ae2ddd221a3251a4a7e4abf",
                "shasum": ""
            },
            "require": {
                "php": "^5.5.9|>=7.0.8",
                "symfony/debug": "~2.8|~3.0",
                "symfony/polyfill-mbstring": "~1.0"
            },
            "conflict": {
                "symfony/dependency-injection": "<3.3"
            },
            "require-dev": {
                "psr/log": "~1.0",
                "symfony/config": "~3.3",
                "symfony/dependency-injection": "~3.3",
                "symfony/event-dispatcher": "~2.8|~3.0",
                "symfony/filesystem": "~2.8|~3.0",
                "symfony/process": "~2.8|~3.0"
            },
            "suggest": {
                "psr/log": "For using the console logger",
                "symfony/event-dispatcher": "",
                "symfony/filesystem": "",
                "symfony/process": ""
            },
            "type": "library",
            "extra": {
                "branch-alias": {
                    "dev-master": "3.3-dev"
                }
            },
            "autoload": {
                "psr-4": {
                    "Symfony\\Component\\Console\\": ""
                },
                "exclude-from-classmap": [
                    "/Tests/"
                ]
            },
            "notification-url": "https://packagist.org/downloads/",
            "license": [
                "MIT"
            ],
            "authors": [
                {
                    "name": "Fabien Potencier",
                    "email": "fabien@symfony.com"
                },
                {
                    "name": "Symfony Community",
                    "homepage": "https://symfony.com/contributors"
                }
            ],
            "description": "Symfony Console Component",
            "homepage": "https://symfony.com",
            "time": "2017-09-06T16:40:18+00:00"
        },
        {
            "name": "symfony/debug",
            "version": "v3.3.9",
            "source": {
                "type": "git",
                "url": "https://github.com/symfony/debug.git",
                "reference": "8beb24eec70b345c313640962df933499373a944"
            },
            "dist": {
                "type": "zip",
                "url": "https://api.github.com/repos/symfony/debug/zipball/8beb24eec70b345c313640962df933499373a944",
                "reference": "8beb24eec70b345c313640962df933499373a944",
                "shasum": ""
            },
            "require": {
                "php": "^5.5.9|>=7.0.8",
                "psr/log": "~1.0"
            },
            "conflict": {
                "symfony/http-kernel": ">=2.3,<2.3.24|~2.4.0|>=2.5,<2.5.9|>=2.6,<2.6.2"
            },
            "require-dev": {
                "symfony/http-kernel": "~2.8|~3.0"
            },
            "type": "library",
            "extra": {
                "branch-alias": {
                    "dev-master": "3.3-dev"
                }
            },
            "autoload": {
                "psr-4": {
                    "Symfony\\Component\\Debug\\": ""
                },
                "exclude-from-classmap": [
                    "/Tests/"
                ]
            },
            "notification-url": "https://packagist.org/downloads/",
            "license": [
                "MIT"
            ],
            "authors": [
                {
                    "name": "Fabien Potencier",
                    "email": "fabien@symfony.com"
                },
                {
                    "name": "Symfony Community",
                    "homepage": "https://symfony.com/contributors"
                }
            ],
            "description": "Symfony Debug Component",
            "homepage": "https://symfony.com",
            "time": "2017-09-01T13:23:39+00:00"
        },
        {
            "name": "symfony/polyfill-mbstring",
            "version": "v1.5.0",
            "source": {
                "type": "git",
                "url": "https://github.com/symfony/polyfill-mbstring.git",
                "reference": "7c8fae0ac1d216eb54349e6a8baa57d515fe8803"
            },
            "dist": {
                "type": "zip",
                "url": "https://api.github.com/repos/symfony/polyfill-mbstring/zipball/7c8fae0ac1d216eb54349e6a8baa57d515fe8803",
                "reference": "7c8fae0ac1d216eb54349e6a8baa57d515fe8803",
                "shasum": ""
            },
            "require": {
                "php": ">=5.3.3"
            },
            "suggest": {
                "ext-mbstring": "For best performance"
            },
            "type": "library",
            "extra": {
                "branch-alias": {
                    "dev-master": "1.5-dev"
                }
            },
            "autoload": {
                "psr-4": {
                    "Symfony\\Polyfill\\Mbstring\\": ""
                },
                "files": [
                    "bootstrap.php"
                ]
            },
            "notification-url": "https://packagist.org/downloads/",
            "license": [
                "MIT"
            ],
            "authors": [
                {
                    "name": "Nicolas Grekas",
                    "email": "p@tchwork.com"
                },
                {
                    "name": "Symfony Community",
                    "homepage": "https://symfony.com/contributors"
                }
            ],
            "description": "Symfony polyfill for the Mbstring extension",
            "homepage": "https://symfony.com",
            "keywords": [
                "compatibility",
                "mbstring",
                "polyfill",
                "portable",
                "shim"
            ],
            "time": "2017-06-14T15:44:48+00:00"
        },
        {
            "name": "symfony/process",
            "version": "v3.3.9",
            "source": {
                "type": "git",
                "url": "https://github.com/symfony/process.git",
                "reference": "b7666e9b438027a1ea0e1ee813ec5042d5d7f6f0"
            },
            "dist": {
                "type": "zip",
                "url": "https://api.github.com/repos/symfony/process/zipball/b7666e9b438027a1ea0e1ee813ec5042d5d7f6f0",
                "reference": "b7666e9b438027a1ea0e1ee813ec5042d5d7f6f0",
                "shasum": ""
            },
            "require": {
                "php": "^5.5.9|>=7.0.8"
            },
            "type": "library",
            "extra": {
                "branch-alias": {
                    "dev-master": "3.3-dev"
                }
            },
            "autoload": {
                "psr-4": {
                    "Symfony\\Component\\Process\\": ""
                },
                "exclude-from-classmap": [
                    "/Tests/"
                ]
            },
            "notification-url": "https://packagist.org/downloads/",
            "license": [
                "MIT"
            ],
            "authors": [
                {
                    "name": "Fabien Potencier",
                    "email": "fabien@symfony.com"
                },
                {
                    "name": "Symfony Community",
                    "homepage": "https://symfony.com/contributors"
                }
            ],
            "description": "Symfony Process Component",
            "homepage": "https://symfony.com",
            "time": "2017-07-29T21:54:42+00:00"
        }
    ],
    "packages-dev": [],
    "aliases": [],
    "minimum-stability": "stable",
    "stability-flags": {
        "comrade/shared": 20
    },
    "prefer-stable": false,
    "prefer-lowest": false,
    "platform": {
        "php": "^7.1"
    },
    "platform-dev": []
}
